t4_port_direct_rows_have_tests	1f480368e6a74013bd27a487dba77561cca4d3a9927e7bb62ee82668e651b492
t4_port_document_scope_and_boundaries	977d7bd2477d121d6367e65f26ffab93209fa1a31fed289271bac0a01d350a6c
t4_port_integrity	b336f7c4eadaeee930437c4c37a5e319315376cfcaf61314b4b97ba84d84412d
t4_port_no_foreign_harness	d454a851e4c647ca75e696255aa4903421aa17125b43c5055773a183c150464f
t4_port_t4000_no_patch_in_git_diff_no_patch_compact_summary_is_a_no_op	9980ece9a2df20352bac876a3ed4506f6e51510006b71f504c1a57b7e04cfac9
t4_port_t4000_no_patch_in_git_diff_no_patch_numstat_is_a_no_op	c37068dad409e6d3afc08b23ad45f60beab650d5c7cafa913d17a21c2717acfd
t4_port_t4000_no_patch_in_git_diff_no_patch_raw_is_a_no_op	76cef1356d837b107862c6547ee5a58f81a411ddfaefbc1701d6e1ca18c7ee9c
t4_port_t4000_no_patch_in_git_diff_no_patch_shortstat_is_a_no_op	a61536ba960836566d05a3919792f044b504644911dcccbef19fc7d29bddaa89
t4_port_t4000_no_patch_in_git_diff_no_patch_stat_is_a_no_op	008fbf8f4413cd98ec92b86c5d25b3553eee850580085bbf39364974bec4fca7
t4_port_t4000_no_patch_in_git_diff_no_patch_summary_is_a_no_op	7680e7c37826ebe02dd120e502225aa4320b68d5772eff17c81343edbb5c7635
t4_port_t4000_update_index_add_two_files_with_and_without_x	4d7816fec7253fd1caa1a213bc2e2191cc781fb4d1ce61fb8dfabe76e67cc089
t4_port_t4001_favour_same_basenames_even_with_minor_differences	feb010cc006b78c0bc5f5c0f6d7577b7074b3165f1d6eea2418f9ebed1282814
t4_port_t4001_favour_same_basenames_over_different_ones	183d5d74a1841383b0c03fc6f07ca83c6101e44af9485d094bed6fdef4d6fae4
t4_port_t4001_rename_pretty_print_common_prefix_and_suffix_overlap	99a6bfcf99bdcc386e5321fd8b03165f9677fe05e307f3b1da28c7eaaaae876c
t4_port_t4001_rename_pretty_print_with_common_prefix	386c2a6f6402f4ceb1691cc970dabf12d37c310848fbd83b568f184363d43f43
t4_port_t4001_rename_pretty_print_with_common_prefix_and_suffix	4792a6b3b8108cac6906ad901944b684a42a885f006615e74070f19351823fcb
t4_port_t4001_rename_pretty_print_with_common_suffix	902cb435c0f417fa4df1e8f021507b254234ce9a4898d0f201c4356eeda2d619
t4_port_t4001_rename_pretty_print_with_nothing_in_common	d00ea9ab52851a4f9d1c9979145991a3fd99ca29a173db9e8de5d66b0fcebb1b
t4_port_t4001_renamed_and_edited_the_file	d2a694e67685e13484b5e67984743fe56de9d4276d5068ab6719279c106c8bea
t4_port_t4001_setup	9177b61eade0058af8801aa9dc76f375620e3a294f6f02bfe007c4ba1530bc3b
t4_port_t4001_test_diff_renames_unset	292ae905492d70d7c40c0f411ddc40c57d3834038cc95313cc1344f510ef563c
t4_port_t4001_two_files_with_same_basename_and_same_content	52a095b721cfb3719348f4ead7352312342419c32056615b8bd3d14d15b50145
t4_port_t4001_update_index_add_a_file	2b3d49f967a7117a7fa8f521a4d3d692f7029fdb9039bd5c69a042809abc8bf6
t4_port_t4001_write_that_tree	2ec4ebd0880e87d90142f3d2d7e151d0d321dd6acc6dbc515c6e32ef9f35420d
t4_port_t4003_prepare_reference_tree	51b9dd869303e9fd8dbb376af3c3e9abf38531f74ce121d2841ca5241ed5d1b3
t4_port_t4004_prepare_reference_tree	85fbc6c2780f8fcc693672711e3526d7c0a9dccce4637ca42ffe4e872e0146f2
t4_port_t4004_prepare_work_tree	6b052f411f204e43d0635d4904fef31ce56a5bb8e639d5bbe84100774f2657c5
t4_port_t4005_setup_reference_tree	184edf5598dbb359437ef6686b235ab22adc5509e0041e04555723fb87c809ec
t4_port_t4006_prepare_binary_file	378cb219704bf209a88443007efbe03dd83a3e73b9cfdf562dd8a52eeb4c670a
t4_port_t4006_setup	fe68415b075117c7d300a5d7aa4ca94d40a8af5cdc254ac9e61a677220297b45
t4_port_t4006_shortstat_output_after_binary_chmod	d398df65a1b03a750c64a37eb93d7ee4e71fbe3d25284d7f5dc5a21d9dc716be
t4_port_t4006_shortstat_output_after_text_chmod	8d24206f4ae161e9e74babc69f783e6fb47677516e0b2fddc47f8f25142f4f67
t4_port_t4006_stat_output_after_binary_chmod	247ea190b2a4a8e2abd24f2a5ebf3c9355be70e395f88b33e229881a08deadac
t4_port_t4006_stat_output_after_text_chmod	2a94b9e12fbc43ca776e8c15ffbd95ceae716578c0596cd53cffdb821b7e5bb6
t4_port_t4007_prepare_reference_tree	6303ca10b02347da08ca613069ff5568b53dfcf4e034712547cd2299087dff10
t4_port_t4007_prepare_work_tree	1967cc91b5681b879f17791ebc5e5b999333306afaa3287c954265784b6ae042
t4_port_t4007_tweak_index	d5639509137f1077082a65aca03c77a763343f5f559866299e957cf4ac628f48
t4_port_t4009_prepare_reference_tree	6e7dc3fb1973f3d38999c3b346f69e5db41ec5286b7ada508960821166323d63
t4_port_t4010_diff_cache_ignores_trailing_slash_on_submodule_path	76e6b7204b2d595a9c308413502aa00e888fc8818bce7453f1dafc0c79a050a2
t4_port_t4010_diff_multiple_wildcard_pathspecs	12eb322104c9f022ac915ab47af3a67f494cbd77dce167cbff3c6c8963f6c130
t4_port_t4010_diff_tree_ignores_trailing_slash_on_submodule_path	279e6a13d823519907235262397d0d1ef884941b523966fb4287336cca8662cf
t4_port_t4010_setup	72dc0574998e5816a88f4fd9e28202b8c9a27e029c2b9e00d0acc9efa7731b14
t4_port_t4010_setup_submodules	daec03a0e5bfb2e3880aedd1e30a65823e51b0be7e00c4abca5efd4c64163a1f
t4_port_t4015_format_patch_attach_produces_mime_attachment	9038444279ae934f3f0db58c374ee708d2375404da738cdce6e9ea5ca6d58423
t4_port_t4015_format_patch_base_commit_adds_base_commit_info	163cbba222ab0d389bcc830bad55c4ea194f0279cfee61d62caddd457acc13f6
t4_port_t4015_format_patch_base_with_multi_patch_puts_base_commit_on_last_patch_only	27b96aa70a58b4ddb6e644dd7be07c97f43c520f26be2a9b6eacbef12bfe0cfe
t4_port_t4015_format_patch_cc_adds_cc_header	7c6386162dedbb7acf986805966cfb6cb43bfe0b2c7956b10e042628d562852c
t4_port_t4015_format_patch_cc_and_to_can_be_combined	0e30062d8744d53e2323b871dfb1f9b8bd5bf573de8aa59910ce40d034101580
t4_port_t4015_format_patch_in_reply_to_adds_in_reply_to_and_references	2ac6255f733bc0801e9e80226ce234ff573ce19f1b1dfdf05e8aa4e32363d5ee
t4_port_t4015_format_patch_inline_produces_mime_inline	4aab4ede9617837ae0a2c3782f8bdaa5ad51d71afcf097391d42ebce771e0eac
t4_port_t4015_format_patch_s_adds_signed_off_by	77f0d09c3c1d696f4ae8f0dd959d4fb771ccee531a081456b42bbb2a31b11004
t4_port_t4015_format_patch_signoff_adds_signed_off_by	b039729b53e25a368513037804c84a9a3a20231deca99758a7d4a8789d55a044
t4_port_t4015_format_patch_to_adds_to_header	a48416b8c0927984e7d2b2d265a44558fd3acadeee19d40b582704299ec53cdc
t4_port_t4015_setup	58bc255cce2465e7bec91c07b40bb764e5176653f3182a17619056a7eb327eae
t4_port_t4016_git_diff_numstat_m_head	4b35d3163723a2536021681caf995649c6fd1e71a89b001a7f7891ec1b609d31
t4_port_t4016_git_diff_stat_m_head	bc12f0b7e2be6b9c8e99e8f4752a1ae5f02b55a4385bd174ed5bb427c7532358
t4_port_t4016_git_diff_summary_m_head	11a38a878633b79d9fb4c3e1ce2e45d36afe761bcc1a1175b4d72877eba00c9d
t4_port_t4016_setup	52764be940406cb638cd00bd209f4d9ecc33134790d5683b96ca6f436423b9c2
t4_port_t4016_setup_expected_files	d9f9146f153411f99ad9ae5a8c53e70069138bf1623c1c8ec9a165e8b9ad1648
t4_port_t4017_check_detects_leftover_conflict_markers	2ae5dd563a3cd2d2203b95a5828226065ef9a5a8202a579e9915d7c7e67e257f
t4_port_t4017_check_exit_code_returns_0_for_no_difference	d3bddca0587f27e7dca4302a8dab3cb94c04c5472ba6b637ed49504e9d24f19b
t4_port_t4017_check_exit_code_returns_1_for_a_clean_difference	d1593fee08668a25170cf7a35699ce1b03f36e5a265f56adafc329b219caf4ec
t4_port_t4017_check_exit_code_returns_3_for_a_dirty_difference	c806d8359fcae68ea8d9bccbb91247bf9b8de9ac55cbd249f3e7ed9bdac6f0b8
t4_port_t4017_check_honors_conflict_marker_length	265c8fbeb6b86a2c787239cba2f934875332fc22cf599ab356f5db4b019e0d0b
t4_port_t4017_check_should_test_not_just_the_last_line	4c5b978fd47d1b68db10ca61179f6e53a73939f945fde807651e445b08022398
t4_port_t4017_check_with_no_pager_returns_2_for_dirty_difference	d5ae64e7225fd5ce8f476c4bf1529ec186bdfc97ddde32150b9a378d27566214
t4_port_t4017_git_diff_exit_code_returns_1_for_changed_binary_file	2a686fd84be47cd42590d9c5dc5fabc5df91d0fba00475220d052bd65d1ac28a
t4_port_t4017_git_diff_exit_code_returns_1_for_renamed_file	659f67a10f08f0696f06fc0b619909013c4b7df9bc43a55649dc3f9a1d90b69c
t4_port_t4017_git_diff_opts_returns_1_for_dirty_subrepo	a7466178b6d0b4b8e5c2676bad61be7fc9160293897e0ac0a6d571d9ca2c5483
t4_port_t4017_git_diff_opts_returns_1_for_dirty_subrepo_2	c7fa0a0f771e13f6a485083e5f0b6a1420521ccb22eda99762bbb24104188d6b
t4_port_t4017_git_diff_opts_returns_1_for_dirty_subrepo_3	29a538af17cf3c663cb298f617e01d3da887b6dcaf34af0d43e7ff51c0224f8d
t4_port_t4017_git_diff_opts_returns_1_for_dirty_subrepo_4	ec96102228806bfdc17912ee10b8c731cb7daa4533d44bb908d801d22f2b439f
t4_port_t4017_git_diff_opts_returns_1_for_dirty_subrepo_5	5b3ee5cb917ce088712e6ae44f548cd01f90818c9678acd93de688b9d187e9e1
t4_port_t4017_git_diff_opts_returns_1_for_dirty_subrepo_6	b9b45c790c838803ff4cf7ae392d0fb9e350a1a920e95ce472fff5fa7de26a62
t4_port_t4017_git_diff_quiet_head_head	8ad77406cffa16c725dffc732f02c06c10fb03e6116f8b81b1bc730453eee37c
t4_port_t4017_git_diff_quiet_returns_1_for_changed_binary_file	c871a3cf5c00b0632b56c8675b7316b612ac8e082756e63861802fb9f7bc1f70
t4_port_t4017_git_diff_quiet_returns_1_for_renamed_file	d822f851d2fb878a1546005cbf74422ba3e6b3f579931de1d77e16ef704194c5
t4_port_t4017_git_diff_quiet_w_head_head	6ff639ee632eb86caa1f0345f72c2520c4c4c31b2171b2ec36e4f2ea9f18bb31
t4_port_t4017_git_diff_quiet_w_head_head_2	d72cf139f0856be660d327ccbec59b1c6c49d75c243163efeda83dc4c1023096
t4_port_t4017_setup	53c48a49ffe2b7283c38818bee99fdc3292865376303011dc727860f534a970a
t4_port_t4017_setup_dirty_subrepo	0cdd760b25c5e7758c66d2eacd0bcf32c80383916f4dde0535118a59c1d2647e
