t4_port_direct_rows_have_tests	0392da8c2da4b742db9078be3aa572276b89b637cefa35639acd0f1f5a3e76e8
t4_port_integrity	0a9e2012b88ed2ad2b05d80afd95ba6affd2230296ef357565f3d9cafb77f664
t4_port_no_foreign_harness	5c61ae467fc6fa16d8907fa0386ad911d9af709763af8ec82402531e757caada
t4_port_t4000_no_patch_in_git_diff_no_patch_compact_summary_is_a_no_op	edbf2e5e00370aed31fe74d01322ed3f6a4252c962f5e7d84afe062e3ae3a923
t4_port_t4000_no_patch_in_git_diff_no_patch_numstat_is_a_no_op	6063e40421b14d58ed4acf4e12b5574e34cd6d13e4ddbf0e0ae2f148b2e22b37
t4_port_t4000_no_patch_in_git_diff_no_patch_raw_is_a_no_op	142e3e8f71da56841e4375d181161403ea3aceb605f0865b289a070b9fb54a2d
t4_port_t4000_no_patch_in_git_diff_no_patch_shortstat_is_a_no_op	34e57ed91c04c6498e7254c203cfa6b48b9282b1a8f7ef83d9b35b6afb5a5911
t4_port_t4000_no_patch_in_git_diff_no_patch_stat_is_a_no_op	c5248fada0f194f3df53bdf76be123ce5dd9f4625156b6c9a226400b230e18d9
t4_port_t4000_no_patch_in_git_diff_no_patch_summary_is_a_no_op	817c2981290fae406e2d030d985765ae39729b5c8e96fef6647baa6df8502037
t4_port_t4000_update_index_add_two_files_with_and_without_x	b6e543175dc02d66c30794116d37d27e5a095ba94a45907b119d580db3aa72e9
t4_port_t4001_favour_same_basenames_even_with_minor_differences	9c165eb1ed8f0d5caed1c901e54bc3706073d73d0a8ff58234121e877c9d7629
t4_port_t4001_favour_same_basenames_over_different_ones	27b78a5c1576cbaf33dd0a883e1bbf2a540bec33c5f5a90d93d481eddc0b9cd8
t4_port_t4001_rename_pretty_print_common_prefix_and_suffix_overlap	90f61804fc5d41c0d8f1c889d267bb59c952d22bbfc3ba6c04a49a01c1075a35
t4_port_t4001_rename_pretty_print_with_common_prefix	b34c353bd7c322c189ed2c61ee37c627cc55fa99003c2061fd7a5240dcc4bdc2
t4_port_t4001_rename_pretty_print_with_common_prefix_and_suffix	816b8643306e310435ddf39eac45b41bc6dc4c249ce54a2945724cdd0cb349ef
t4_port_t4001_rename_pretty_print_with_common_suffix	f1c35f3f83d9e55a0cdbc9ec0fe591c2e851e6077e6b159fe7db485a730f0358
t4_port_t4001_rename_pretty_print_with_nothing_in_common	b2ce78a4fe976e803ae16237b0b6b8d25590634e9a3ba19257e0bd3e580df461
t4_port_t4001_renamed_and_edited_the_file	b98d259ece0905887512b4d379fc26379f26ba1b8b89ca5dfb223f7950c15b9a
t4_port_t4001_setup	35fffb2c28c12036787f35c066d75c5899562ec94ed1c9fc1413f94cdffdf4ad
t4_port_t4001_test_diff_renames_unset	6c405aae09fe958974d9f96937a45f666bb61645d441639d839fb6c0a5efe7c6
t4_port_t4001_two_files_with_same_basename_and_same_content	85e4c61425689c8d93dcf3ed35480946001e1bd43e578f18965a47cac1b87c38
t4_port_t4001_update_index_add_a_file	4ab39a58a6e421320b3ab5b13d7f1846f5ff811817b41aeaa6313e02ac1fb61f
t4_port_t4001_write_that_tree	8167157dc28cf371deac83f5c9569258d917093cc8a9d153f0253d9ab4a3ad9b
t4_port_t4003_prepare_reference_tree	4374889ac1b2b1657cc362ebaef91fb2a36202a78ed46a3645f77e4950324a52
t4_port_t4004_prepare_reference_tree	fd914c20116374ae19a188194c4d59969480c2d32550b2f34f9913716b92b0ec
t4_port_t4004_prepare_work_tree	7dd938b5dc631e764b3593eabee2fcb01d120a5b3472f8e880c9a39565572981
t4_port_t4005_setup_reference_tree	5768c12496f7f57a7d0efaf51155459dd5d5b63a5d814143b18cdddb173687f8
t4_port_t4006_prepare_binary_file	1a46b1648c0bf319020728fab8be87c8ecb4a30cb89dd37a629f7bbbbd34341b
t4_port_t4006_setup	4e4abad4c8c9953e7c88762b2b268b42cfec5a381e7051ace9ae6f58a04fb1bd
t4_port_t4006_shortstat_output_after_binary_chmod	a54c50be10374eedbf305f1198775a705a57c46670589a71744c16263db79921
t4_port_t4006_shortstat_output_after_text_chmod	33ffb1e97178d1ede261a9ab9ff88dff356efc209f7766054d9b22943432e5ff
t4_port_t4006_stat_output_after_binary_chmod	61360c8fa096df0e0daf5eec062ae6133ab4695b90a6be48345c1e0392b40eb8
t4_port_t4006_stat_output_after_text_chmod	aab05c4814ad6655e2315d3f6212c0e7152e93b0651e076b41c4fd8b7ec870f9
t4_port_t4007_prepare_reference_tree	160d08d50c1cddbc3f8f0b26b06ee025bd0bec4d916b40d7bbb4847f0f8adc41
t4_port_t4007_prepare_work_tree	1233f8d192ebaf5da67a67547266cd6e594f006077cec3251c46e5cffa17147c
t4_port_t4007_tweak_index	356c6d0b1ba3116f4c053cbb600d01a796d28282ce1391bf376a03bd2ad79e38
t4_port_t4009_prepare_reference_tree	4bade75150ad3ec3fc677faa0958dea0b4be1bf80622f7fde772a6490493a6a6
t4_port_t4010_diff_cache_ignores_trailing_slash_on_submodule_path	ac5773593ae64bdb49ee047567f44ebeb9f7b04e567a928b6d7d28ceb76f6a6a
t4_port_t4010_diff_multiple_wildcard_pathspecs	2b59f92a4e02bce23bd158ad804b16aa0913ddbfdf749a3c14839d2c7be2776b
t4_port_t4010_diff_tree_ignores_trailing_slash_on_submodule_path	4bc7825650272942775a5dadffa89daf656d56739f8721f4cc739da3bb80c919
t4_port_t4010_setup	ba1aa87b6578ea08fd95e583b4ff0daf5139f4de21644e286a7b0d9337e9e570
t4_port_t4010_setup_submodules	1df4efff3f47aad65564f1d7a83737ac25b6b5d08f937e57b87a27a60e8c556e
t4_port_t4015_format_patch_attach_produces_mime_attachment	3fdd282eacd161adc682f5eda843f1a405fec7ed7b87858df1c31d5f52ef83c0
t4_port_t4015_format_patch_base_commit_adds_base_commit_info	70336b3364c7f71d0a75ef1d7f1a9bbc5e84e954ebf7c205a83f7d652b8b86db
t4_port_t4015_format_patch_base_with_multi_patch_puts_base_commit_on_last_patch_only	88a1ecdbab8894d87dd1eeb8e44e15a5c8c1486be7b9514e0c1105010a0ceeea
t4_port_t4015_format_patch_cc_adds_cc_header	4fb82f987c8a91fa3644a378173ea8c6950c6c264c2799d7b17f33cce18ec6d6
t4_port_t4015_format_patch_cc_and_to_can_be_combined	96ea470ea8b7931ea892ce366a8c1b575313df939de2671dafd33965036766ca
t4_port_t4015_format_patch_in_reply_to_adds_in_reply_to_and_references	a91aaf1374f9398aae75501247ac7e2aaf404f2e1ce8d82c49876ed333a2046f
t4_port_t4015_format_patch_inline_produces_mime_inline	0884e889396fef38675b35ecf77678f90f3c87a85d31c555b04e825a6c5ea45a
t4_port_t4015_format_patch_s_adds_signed_off_by	e2d3959f1195a09fcf1fd287c397b585ab063e4a03e77268dc91a5cbc1cae7e8
t4_port_t4015_format_patch_signoff_adds_signed_off_by	6e531439d3e787672b5aee91f79885b07ee52dd99d757c3cd393c891c481b5e4
t4_port_t4015_format_patch_to_adds_to_header	b59761270429e8ddc87a2945b65aad18a5b043eb2fc4ed890f2f8f98f02a97ae
t4_port_t4015_setup	1862be8cc1e33f0febf99636c6c25f4cb552586261856b2b0d17bb6ea5d1a31c
t4_port_t4016_git_diff_numstat_m_head	efa360adfbbb7964ee2e96413b443f80285b284c224e5a9d79ff6ec60a2e255a
t4_port_t4016_git_diff_stat_m_head	a67709927f680278123f4bd8614e07aa0839df060cdfea27612f78e8b34b3b61
t4_port_t4016_git_diff_summary_m_head	6eea8b35d4d53e30f03d203f5cbbb8a06cd0a587d38c8009595247bed944a3a0
t4_port_t4016_setup	89ed7f51d0fdbf81f4ccb1e2f2cfc66e00196892f56d9b91874ad618e12362fd
t4_port_t4016_setup_expected_files	3e6796eadbf797545f0ee610bacbc7aa3b600b9f66336d384233921ee93adbe5
t4_port_t4017_check_detects_leftover_conflict_markers	9d0293cbd600abadf23cafa0fa0d757d397fb17d9cdfc42194b473b1fd357d2e
t4_port_t4017_check_exit_code_returns_0_for_no_difference	e6c376396b18fd36c8cefbfa657eb430cb93d4cf3b130da46ab59ff36f8a68bb
t4_port_t4017_check_exit_code_returns_1_for_a_clean_difference	42fa44dd9610ed059101cc94b21e1ea4b6e1194a6e11ee5abd8fdb64afb20a20
t4_port_t4017_check_exit_code_returns_3_for_a_dirty_difference	982454b339e7fb4de8aacf8cd545982e308ed94d0d50aa3210fa130357b32bc4
t4_port_t4017_check_honors_conflict_marker_length	fd28f640307ecc766e69017d3e3ba665672e1527e68914303522af2ff427fe29
t4_port_t4017_check_should_test_not_just_the_last_line	7a46dddc3f7fd90e8e6935e92f1b1f506b5d6fef3034c4013da5f3986c793f2f
t4_port_t4017_check_with_no_pager_returns_2_for_dirty_difference	b1e61cb40ec8d51c9f63afcedef0490b8c8918b07576051518e21ddfc9ca6d9a
t4_port_t4017_git_diff_exit_code_returns_1_for_changed_binary_file	08c7fbc80fafb0939a7d0b19b5f2f1c0d91310959dd1d3836eb1a301765524a9
t4_port_t4017_git_diff_exit_code_returns_1_for_renamed_file	90a0aa62b669c0d882b37e8778ece003d7d35a4182e8a229f4defa89cd26bf93
t4_port_t4017_git_diff_opts_returns_1_for_dirty_subrepo	1d92fd899a4866ca5cc6ec695ad8d7d3b1faadd8adfdbde648fe48eab1c4773f
t4_port_t4017_git_diff_opts_returns_1_for_dirty_subrepo_2	c551e8926062b43bdf95f5c05c7487f78e2f99706c8796664073ec0c5ccc7607
t4_port_t4017_git_diff_opts_returns_1_for_dirty_subrepo_3	6cbd18afacc6d11c9172f879506f58ef6176b696c683e8fd4a0f87a5da457080
t4_port_t4017_git_diff_opts_returns_1_for_dirty_subrepo_4	2193b19fb1462bc0baaf112ce319534bc7dfea710a767b8dd7304ad7d86b46ed
t4_port_t4017_git_diff_opts_returns_1_for_dirty_subrepo_5	e468223361d0116f25a97a667f5bb17e8116f659e969e7c50bb3671670257c4c
t4_port_t4017_git_diff_opts_returns_1_for_dirty_subrepo_6	83bf28e94e1f3b85acf904599eed5601edc76f0ef24054767d1babcecb021055
t4_port_t4017_git_diff_quiet_head_head	f0c2b5dfbce9d7a4a3f6ce7c62079926a1fcbcb03b6473868a351a186be11d20
t4_port_t4017_git_diff_quiet_returns_1_for_changed_binary_file	2768ba6c6c9477e51ef230119bf7aa91aebcbc6c33d7bf37e5f576f4034d903d
t4_port_t4017_git_diff_quiet_returns_1_for_renamed_file	05b1aa17847bd72db10a64ecf7be500933d2654dded6c664ca1d214c824eead4
t4_port_t4017_git_diff_quiet_w_head_head	50117a9634aec39f53abdf7ddce754642a0e9aab78eb9bc39c4997ef90d99a97
t4_port_t4017_git_diff_quiet_w_head_head_2	11a9d56b81677dabdf82b72373fb7e82a19d1dea1189d37b46eeec149cd6e644
t4_port_t4017_setup	a8af6332f0b6ffb51f3186688b4056235325836a5c744b211e26caaa9e1c75b8
t4_port_t4017_setup_dirty_subrepo	d40b6485f89a6fbae9853e1359dc7660d7fc9877317f2f3322b55aef61b47c07
t4_port_tests_document_scope_and_boundaries	42c71aa100d26d9aaa8856fc87b7c8e91bbe47ff96e9d8354c49d7a6ab6f911c
