t4_port_direct_rows_have_tests	10c9b3575423a26cd33ea980025538e339a98e4f195d50d1e4d3099832724641
t4_port_document_scope_and_boundaries	ede8d412f2dc5188b6ce7dcbb8089f1f11979217c437515a800e257737a0aa5f
t4_port_integrity	d6a0107f559ed815ccc25c0deb07b8368f23d387b21780748981f9a98799d9af
t4_port_no_foreign_harness	b8e83e98920985002dbdc1475bae1c472eaf52c891486044afc5cc3ff11c2099
t4_port_t4000_no_patch_in_git_diff_no_patch_compact_summary_is_a_no_op	1830685b5fcd2e96fda42a5a00d4a6bc4e6e9bcf5d97752f3a52d9ffe697e406
t4_port_t4000_no_patch_in_git_diff_no_patch_numstat_is_a_no_op	7aae7026b81e4746b7bfd9e75d2b7a995e8ee0dd8827e862374c0fc1c04aa1d4
t4_port_t4000_no_patch_in_git_diff_no_patch_raw_is_a_no_op	ea1e5fff23cbe846f64bbe5e27a0014131a071f942b8ae234e9321521030c3ed
t4_port_t4000_no_patch_in_git_diff_no_patch_shortstat_is_a_no_op	eb006794a724c0d2cc67adc9d46fd8d1f9f9c768fc78c3b70985294cdfc1523e
t4_port_t4000_no_patch_in_git_diff_no_patch_stat_is_a_no_op	5bfae5e9c4247383bd535796d32229adc53262d852fd289dd4cc90e60121d5ea
t4_port_t4000_no_patch_in_git_diff_no_patch_summary_is_a_no_op	de48f0ae53b1c87c5bf1ef1921a543089126dba1ff42015c5cc87a9f38442a0a
t4_port_t4000_update_index_add_two_files_with_and_without_x	55cbe1c99e024403cc37086a1e48b0a23a9a5b8f39e765ecc4ea83c2ffddf6b3
t4_port_t4001_favour_same_basenames_even_with_minor_differences	cb697adf8fc39566666a1f88bc9ca3dde1913b5768b76ddee1f9627da57bdfa2
t4_port_t4001_favour_same_basenames_over_different_ones	64738e59735a46a0a92776874df575ae5dd27394344a1f2c8b3d6519d0a4e7c1
t4_port_t4001_rename_pretty_print_common_prefix_and_suffix_overlap	bc85acf9bff45a087636865b2b255b99471c67f6433e4d7b607cb87583d60107
t4_port_t4001_rename_pretty_print_with_common_prefix	f84356304d86a9bd0169c037cef17c4f79ab3157c5306f5cbefdcb2a1f4eea8f
t4_port_t4001_rename_pretty_print_with_common_prefix_and_suffix	e102a9993b243be95e5d803fe07ca249e301d77ad22da69f2b8d5e7ac8f90ed3
t4_port_t4001_rename_pretty_print_with_common_suffix	1030ec6d9af6d1d515d60e065b12a7c40d92f1243ed7465bde1a1fb80e28c4dc
t4_port_t4001_rename_pretty_print_with_nothing_in_common	686588358dee5f367e5e2483aa0853c691b0620b6c25af0bb8723eddf7fb66af
t4_port_t4001_renamed_and_edited_the_file	0dd1b1ae1a043b6aef965b655e56c33fabd2ed9d10ee89fb549e7a873a519219
t4_port_t4001_setup	021f1c756be592c55ed3a041f43cdf16353ebac84e368ea89f50c7175d8048e4
t4_port_t4001_test_diff_renames_unset	3b16fad092f7c9465068806444b56f31fd5c5741f8eb7fb8f3036e556b2b6baa
t4_port_t4001_two_files_with_same_basename_and_same_content	88a4253346c707462f3607a62c711d7ef59b86a09af859459beb9a082ab9e1d5
t4_port_t4001_update_index_add_a_file	45ab33f309b1d5ddd5fe2f7d7442ee8f002aaa4aee6b2c2b1e9d9ea12e2824d5
t4_port_t4001_write_that_tree	8672b61346bd3105065d8626bf09300e836aacbea01198cabd473aee1ae6bb71
t4_port_t4003_prepare_reference_tree	57f29f75fb01f6367911accc344a73ab7542a71e9572f312489cd2c3037c8c60
t4_port_t4004_prepare_reference_tree	13fd7cc1343ff8265e5de4233678d4d6295ff5dce16d25d687fb81d2408f6ef9
t4_port_t4004_prepare_work_tree	b4a30db6554f408ce0f0f72eea51a52ea69770b7f0d6f6b1ca3251bb7dd4b632
t4_port_t4005_setup_reference_tree	d635457327a5b50edc5a92d2eb95c66d2f15fc55e3200628622f77871d1d85ed
t4_port_t4006_prepare_binary_file	4e66e94fe78724c393d7fc3107c6fed21bbcde2a243ddb93073b900810db09b3
t4_port_t4006_setup	7599e7c74d6277d524238c7ef3cfb3c7797a99ad38edb46c048006eb048d3c4a
t4_port_t4006_shortstat_output_after_binary_chmod	41faf498762f03c630fca7f260ec45cf13109b3e19a17a9fed5cc118c2b0ae38
t4_port_t4006_shortstat_output_after_text_chmod	bd7f876337c5a3a68cfd6b09a13a8063cadbbb60c99ea99639ec8bf150cc02ad
t4_port_t4006_stat_output_after_binary_chmod	ace7f13f6b4e6ea0fda146ade58b5d0fb8a8b048842a70f855544db2018ba318
t4_port_t4006_stat_output_after_text_chmod	757119d4459deb1cc1beaf7173e7fcc9511fb535343901c843531467ed749646
t4_port_t4007_prepare_reference_tree	f32cf64dc66591c08700ef138235fc7c72c15eec7d84d07007e924499a73215a
t4_port_t4007_prepare_work_tree	b0f973e7e06bb4e30772cdf4c08db0d3ced9c3ca395f0da3e36febfd00254761
t4_port_t4007_tweak_index	246ab556735d576d18ef0835efba6937174d71cced232808bda0f90f95b09dde
t4_port_t4009_prepare_reference_tree	ff4f43e94038fbbcf097ca7100b7cb48b1d01d7d0bb07fa04f6304ad9090acbc
t4_port_t4010_diff_cache_ignores_trailing_slash_on_submodule_path	46a14281610ea43d11267221dbf3229af56cc34aa9bb310c9166892f42496d46
t4_port_t4010_diff_multiple_wildcard_pathspecs	6cff3ab34fbbcab28ce05476770d5665a03866b74eb676dec55f4b7b8e9a87f0
t4_port_t4010_diff_tree_ignores_trailing_slash_on_submodule_path	9c929b77814c59215e3b28bb4108bcd724dd0ee136ecf987dfc7c6178e1b0df1
t4_port_t4010_setup	833792efdd0fbb855a9d1326da89f1b8c0dad573274526935b30fa49a2718dda
t4_port_t4010_setup_submodules	a993ae23728034ca01f2511e9bb44645600a42bb1636214cd6bc36fe3b4fd3bc
t4_port_t4015_format_patch_attach_produces_mime_attachment	c0a726293e6f76339545c3162d8c747500511a1c5a8da4670becf0f8d853850d
t4_port_t4015_format_patch_base_commit_adds_base_commit_info	52628210a1e2d6231b258a035b70176ca7ffc52a86d5ab17207d2e5812ceed7d
t4_port_t4015_format_patch_base_with_multi_patch_puts_base_commit_on_last_patch_only	ec7c14a4e0d455bdd3c1c3dd52e9e69a5691a556d464154d7d05a14831107e30
t4_port_t4015_format_patch_cc_adds_cc_header	bd40cb04e2c2e193dee139ce50af892b56c1b0590b9b3f42e4cbfe0910d58931
t4_port_t4015_format_patch_cc_and_to_can_be_combined	987ab9319b54b6d41994ae714684a773c478aad3ef96d592704d875ab5f30340
t4_port_t4015_format_patch_in_reply_to_adds_in_reply_to_and_references	904f1d28f22f046cccc6cf33f986b64c188b807d0a53b9f78c34ca47a440e6db
t4_port_t4015_format_patch_inline_produces_mime_inline	b3a1b64953d889f27c07fed7cad5521dbb0d170a2e2ca4e990c60096d6a07e66
t4_port_t4015_format_patch_s_adds_signed_off_by	30329af2a8354e67800b3b1eb7332ab190a005905a059041bbee67858ff53405
t4_port_t4015_format_patch_signoff_adds_signed_off_by	dd86b7ccf55a68e2354ae7bb00c2a784788fab0130e9f511e68e1b785f08753a
t4_port_t4015_format_patch_to_adds_to_header	cea0b4ec5ef4c315547ddb3e90f7dd70094a0182e6f07889f7f60aa5693eeee4
t4_port_t4015_setup	1ae33057f115d1a5cb8b815419ead891d85e6bc3358b7b084fae3d4b98a840bc
t4_port_t4016_git_diff_numstat_m_head	80e1885c52a9d36c293dc4f69bb483b1c9e9917a64841cfe90c8cb63aae43645
t4_port_t4016_git_diff_stat_m_head	f3ea59a52a5e324d2ad51ade6b5cc5ecf21e9917d6321cfe952b5db6841edffe
t4_port_t4016_git_diff_summary_m_head	c765e8ac4b49aa95a44ccc075504886f86585e49d91f7d529e9ecdde5328bf88
t4_port_t4016_setup	2d5ce0d8f2fe7f10acd2309c40398cb93cbad313217b6c70afbcd3fc39f6df22
t4_port_t4016_setup_expected_files	1041567d52900973629ecb53fd4db263c4f1cd7af8a7c55ad41c32d9aebd3ef1
t4_port_t4017_check_detects_leftover_conflict_markers	7ac957ca5a61da41b5a3f951f277cff578d9e1b356d7cdf00ce8a1a05206c9e8
t4_port_t4017_check_exit_code_returns_0_for_no_difference	00dcfd4e446b71cf762268aa0e2cb0532cb6abb5cca409a640babba29a1b6a11
t4_port_t4017_check_exit_code_returns_1_for_a_clean_difference	5f279ae57c8e352830846ecdb8f9a46f738b7939d08e1869a65877cc48373ed9
t4_port_t4017_check_exit_code_returns_3_for_a_dirty_difference	6aca7c782a5515123b801d4e7a6c3ffdf90bce68967699015f66d2611d44dbd7
t4_port_t4017_check_honors_conflict_marker_length	6d4cc6c4881065709e00a7c9f07fe27f4e6ca0d76f4d147e1fa0923c5c7f49f1
t4_port_t4017_check_should_test_not_just_the_last_line	56c326f26c91a635cb80890971cc78cb710c57efb958c1396ba1222b3febb92f
t4_port_t4017_check_with_no_pager_returns_2_for_dirty_difference	6deb0fd5d1725124e93ec2155eae2b31a79e0d47fdb516d91b5b0e4fbbfdcb22
t4_port_t4017_git_diff_exit_code_returns_1_for_changed_binary_file	b8ef2f498f893147b963d29cc77c83170f4cba41e44b59c990c3ea3b0d884942
t4_port_t4017_git_diff_exit_code_returns_1_for_renamed_file	54cb3fa5e6bf6673899877ed4365bad16bd08c1711c7a88774a512e8a0510c6a
t4_port_t4017_git_diff_opts_returns_1_for_dirty_subrepo	3c659a0af4ff88a5561c44b139a494cfdbe1bc03b1ce1d9ce7db03c05a7c3e50
t4_port_t4017_git_diff_opts_returns_1_for_dirty_subrepo_2	fbd6266b38ef6957cdb457f2f45c71e1b68740acc199acfd342888fe9eae2ea1
t4_port_t4017_git_diff_opts_returns_1_for_dirty_subrepo_3	5400374123f7a0910dfc85c321c2a95e5fd084250b1300bda1b1fa45e323b1de
t4_port_t4017_git_diff_opts_returns_1_for_dirty_subrepo_4	c213e7a767b2c80a639a4baaf7ceefbc0c4c69823262daf54f14186b11327ad5
t4_port_t4017_git_diff_opts_returns_1_for_dirty_subrepo_5	8176d099b292b34c838265b03e9710217380107a28ac77a6c3cc8f5dfa5b373a
t4_port_t4017_git_diff_opts_returns_1_for_dirty_subrepo_6	00f2479db8d890ae6adb4f1ad3d4de1c100f0482e92c994ad7ddc6091d21caa2
t4_port_t4017_git_diff_quiet_head_head	4496aca9ef732a131601fcc3f3c8d1a8d865ebe18f7c048fd03397808847d984
t4_port_t4017_git_diff_quiet_returns_1_for_changed_binary_file	3ddc7bd551148688e08f8ab0e28f3dc8e3009ca39feff94dbdfeba37926b218b
t4_port_t4017_git_diff_quiet_returns_1_for_renamed_file	f50b1abf0e3a1a818dc0467665b0a9d29ed2a4d143b9c0c4fe567b9ee0035cd2
t4_port_t4017_git_diff_quiet_w_head_head	ca90dba9c48c9eff7a52b87647f8bf7b5fe1e69e17d1058f1c2cb95a0493ba04
t4_port_t4017_git_diff_quiet_w_head_head_2	95b7359126912db545a332825c73cd1c1af5201ec44b6e77cbbe9e0bcf6b345c
t4_port_t4017_setup	630416475c9d4afffdabbbfca3397a5174f544ce7656bb9e7d2f872ae29ea19c
t4_port_t4017_setup_dirty_subrepo	dd2ffb217cfd2340759ebd41425353700f128fef3711ada28ca79134bad5bd42
